Microsoft Visual Studio Solution File, Format Version 12.00
# Visual Studio 2012
Project("{FAE04EC0-301F-11D3-BF4B-00C04F79EFBC}") = "WJ-A23-Godot", "WJ-A23-Godot.csproj", "{C2D55684-50B4-4F1F-88DF-D8C1D26E215A}"
EndProject
Global
	GlobalSection(SolutionConfigurationPlatforms) = preSolution
	Debug|Any CPU = Debug|Any CPU
	ExportDebug|Any CPU = ExportDebug|Any CPU
	ExportRelease|Any CPU = ExportRelease|Any CPU
	EndGlobalSection
	GlobalSection(ProjectConfigurationPlatforms) = postSolution
		{C2D55684-50B4-4F1F-88DF-D8C1D26E215A}.Debug|Any CPU.ActiveCfg = Debug|Any CPU
		{C2D55684-50B4-4F1F-88DF-D8C1D26E215A}.Debug|Any CPU.Build.0 = Debug|Any CPU
		{C2D55684-50B4-4F1F-88DF-D8C1D26E215A}.ExportDebug|Any CPU.ActiveCfg = ExportDebug|Any CPU
		{C2D55684-50B4-4F1F-88DF-D8C1D26E215A}.ExportDebug|Any CPU.Build.0 = ExportDebug|Any CPU
		{C2D55684-50B4-4F1F-88DF-D8C1D26E215A}.ExportRelease|Any CPU.ActiveCfg = ExportRelease|Any CPU
		{C2D55684-50B4-4F1F-88DF-D8C1D26E215A}.ExportRelease|Any CPU.Build.0 = ExportRelease|Any CPU
	EndGlobalSection
EndGlobal
